<?xml version="1.0" encoding="utf-8"?>
<Project ToolsVersion="4.0" xmlns="http://schemas.microsoft.com/developer/msbuild/2003">
  <ItemGroup>
    <Filter Include="Header Files">
      <UniqueIdentifier>{93995380-89BD-4b04-88EB-625FBE52EBFB}</UniqueIdentifier>
      <Extensions>h;hh;hpp;hxx;h++;hm;inl;inc;ipp;xsd</Extensions>
    </Filter>
    <Filter Include="Resource Files">
      <UniqueIdentifier>{67DA6AB6-F800-4c08-8B7A-83BB121AAD01}</UniqueIdentifier>
      <Extensions>jpg;jpeg;png;bmp;ico</Extensions>
      <Extensions>rc;ico;cur;bmp;dlg;rc2;rct;bin;rgs;gif;jpg;jpeg;jpe;resx;tiff;tif;png;wav;mfcribbon-ms</Extensions>
    </Filter>
    <Filter Include="Resource Files\JSON">
      <UniqueIdentifier>{52172abe-220b-4017-aab3-9dedbbbec6fe}</UniqueIdentifier>
      <Extensions>json</Extensions>
    </Filter>
    <Filter Include="Source Files">
      <UniqueIdentifier>{4FC737F1-C7A5-4376-A066-2A32D752A2FF}</UniqueIdentifier>
      <Extensions>cpp;c;cc;cxx;c++;cppm;ixx;def;odl;idl;hpj;bat;asm;asmx</Extensions>
    </Filter>
    <Filter Include="Resource Files\Pictures">
      <UniqueIdentifier>{6ed04f3a-5121-42ce-9eb7-2fa91ec162cc}</UniqueIdentifier>
    </Filter>
    <Filter Include="Source Files\imgui">
      <UniqueIdentifier>{f1c8dbce-a9eb-4afc-90f3-c77e8e4039e8}</UniqueIdentifier>
    </Filter>
    <Filter Include="Resource Files\Lua">
      <UniqueIdentifier>{e1afe9a0-7d1d-4b31-ad6e-7a276e62a0fa}</UniqueIdentifier>
    </Filter>
  </ItemGroup>
  <ItemGroup>
    <ClCompile Include="src\main.cpp">
      <Filter>Source Files</Filter>
    </ClCompile>
    <ClCompile Include="src\Json_Operators.cpp">
      <Filter>Source Files</Filter>
    </ClCompile>
    <ClCompile Include="src\callbacks.cpp">
      <Filter>Source Files</Filter>
    </ClCompile>
    <ClCompile Include="src\model_functions.cpp">
      <Filter>Source Files</Filter>
    </ClCompile>
    <ClCompile Include="src\imgui\imgui.cpp">
      <Filter>Source Files\imgui</Filter>
    </ClCompile>
    <ClCompile Include="src\imgui\window_objects.cpp">
      <Filter>Source Files\imgui</Filter>
    </ClCompile>
    <ClCompile Include="src\imgui\audio.cpp">
      <Filter>Source Files\imgui</Filter>
    </ClCompile>
    <ClCompile Include="src\imgui\console.cpp">
      <Filter>Source Files\imgui</Filter>
    </ClCompile>
  </ItemGroup>
  <ItemGroup>
    <Image Include="resources\pictures\coolyori.jpg">
      <Filter>Resource Files\Pictures</Filter>
    </Image>
    <Image Include="resources\pictures\Mushishi.jpg">
      <Filter>Resource Files\Pictures</Filter>
    </Image>
    <Image Include="resources\pictures\Skateboard.png">
      <Filter>Resource Files\Pictures</Filter>
    </Image>
  </ItemGroup>
  <ItemGroup>
    <ClInclude Include="inc\Summergasm.hpp">
      <Filter>Header Files</Filter>
    </ClInclude>
    <ClInclude Include="inc\imgui.hpp">
      <Filter>Header Files</Filter>
    </ClInclude>
  </ItemGroup>
  <ItemGroup>
    <None Include="resources\json\Window.json">
      <Filter>Resource Files\JSON</Filter>
    </None>
    <None Include="resources\json\Scene1.json">
      <Filter>Resource Files\JSON</Filter>
    </None>
    <None Include="resources\json\TextRendering.json">
      <Filter>Resource Files\JSON</Filter>
    </None>
    <None Include="resources\json\StaticObjects.json">
      <Filter>Resource Files\JSON</Filter>
    </None>
    <None Include="resources\lua\audio.lua">
      <Filter>Resource Files\Lua</Filter>
    </None>
  </ItemGroup>
</Project>